
Microsoft Visual Studio Solution File, Format Version 12.00
# Visual Studio Version 17
VisualStudioVersion = 17.7.34024.191
MinimumVisualStudioVersion = 10.0.40219.1
Project("{FAE04EC0-301F-11D3-BF4B-00C04F79EFBC}") = "MusicApp", "MusicApp\MusicApp.csproj", "{026084FB-9B20-4392-AF1A-C526FADD6618}"
EndProject
Global
	GlobalSection(SolutionConfigurationPlatforms) = preSolution
		Debug|Any CPU = Debug|Any CPU
		Release|Any CPU = Release|Any CPU
	EndGlobalSection
	GlobalSection(ProjectConfigurationPlatforms) = postSolution
		{026084FB-9B20-4392-AF1A-C526FADD6618}.Debug|Any CPU.ActiveCfg = Debug|Any CPU
		{026084FB-9B20-4392-AF1A-C526FADD6618}.Debug|Any CPU.Build.0 = Debug|Any CPU
		{026084FB-9B20-4392-AF1A-C526FADD6618}.Release|Any CPU.ActiveCfg = Release|Any CPU
		{026084FB-9B20-4392-AF1A-C526FADD6618}.Release|Any CPU.Build.0 = Release|Any CPU
	EndGlobalSection
	GlobalSection(SolutionProperties) = preSolution
		HideSolutionNode = FALSE
	EndGlobalSection
	GlobalSection(ExtensibilityGlobals) = postSolution
		SolutionGuid = {72D056ED-3C98-4253-9FDD-3794E06B3795}
	EndGlobalSection
EndGlobal
